
Microsoft Visual Studio Solution File, Format Version 12.00
# Visual Studio 15
VisualStudioVersion = 15.0.27703.2000
MinimumVisualStudioVersion = 10.0.40219.1
Project("{9A19103F-16F7-4668-BE54-9A1E7A4F7556}") = "Knightstour", "KnightsTour\Knightstour.csproj", "{420148D6-7112-4071-8B74-990610A0CE39}"
EndProject
Global
	GlobalSection(SolutionConfigurationPlatforms) = preSolution
		Debug|Any CPU = Debug|Any CPU
		Release|Any CPU = Release|Any CPU
	EndGlobalSection
	GlobalSection(ProjectConfigurationPlatforms) = postSolution
		{420148D6-7112-4071-8B74-990610A0CE39}.Debug|Any CPU.ActiveCfg = Debug|Any CPU
		{420148D6-7112-4071-8B74-990610A0CE39}.Debug|Any CPU.Build.0 = Debug|Any CPU
		{420148D6-7112-4071-8B74-990610A0CE39}.Release|Any CPU.ActiveCfg = Release|Any CPU
		{420148D6-7112-4071-8B74-990610A0CE39}.Release|Any CPU.Build.0 = Release|Any CPU
	EndGlobalSection
	GlobalSection(SolutionProperties) = preSolution
		HideSolutionNode = FALSE
	EndGlobalSection
	GlobalSection(ExtensibilityGlobals) = postSolution
		SolutionGuid = {21672AC6-DCAB-4ACA-9501-8E2333235DD5}
	EndGlobalSection
EndGlobal
